# @generated by Move, please check-in and do not edit manually.

[move]
version = 3
manifest_digest = "FDDE635AB47A4355BDE25DEFDBFFB5631A04ED21A857E16BE126A6B327395464"
deps_digest = "3C4103934B1E040BB6B23F1D610B4EF9F2F1166A50A104EADCF77467C004C600"
dependencies = [
  { id = "Dubhe", name = "Dubhe" },
  { id = "Sui", name = "Sui" },
]

[[move.package]]
id = "Dubhe"
source = { local = "../dubhe" }

dependencies = [
  { id = "Sui", name = "Sui" },
]

[[move.package]]
id = "MoveStdlib"
source = { git = "https://github.com/MystenLabs/sui.git", rev = "mainnet-v1.46.3", subdir = "crates/sui-framework/packages/move-stdlib" }

[[move.package]]
id = "Sui"
source = { git = "https://github.com/MystenLabs/sui.git", rev = "mainnet-v1.46.3", subdir = "crates/sui-framework/packages/sui-framework" }

dependencies = [
  { id = "MoveStdlib", name = "MoveStdlib" },
]

[env.localnet]
chain-id = "4dfca4c2"
original-published-id = "0x0c497277e719a85e6e9257ed91623ebf716f03c6ac874569c882613d0f7202df"
latest-published-id = "0x0c497277e719a85e6e9257ed91623ebf716f03c6ac874569c882613d0f7202df"
published-version = "1"
