# @generated by Move, please check-in and do not edit manually.

[move]
version = 3
manifest_digest = "6284355CB9091DBCBB69E137F9BDDB269A855843F5317B81EBB62E19A6A5E27B"
deps_digest = "3C4103934B1E040BB6B23F1D610B4EF9F2F1166A50A104EADCF77467C004C600"
dependencies = [
  { id = "Dubhe", name = "Dubhe" },
  { id = "Sui", name = "Sui" },
]

[[move.package]]
id = "Dubhe"
source = { local = "../dubhe" }

dependencies = [
  { id = "Sui", name = "Sui" },
]

[[move.package]]
id = "MoveStdlib"
source = { git = "https://github.com/MystenLabs/sui.git", rev = "mainnet-v1.46.3", subdir = "crates/sui-framework/packages/move-stdlib" }

[[move.package]]
id = "Sui"
source = { git = "https://github.com/MystenLabs/sui.git", rev = "mainnet-v1.46.3", subdir = "crates/sui-framework/packages/sui-framework" }

dependencies = [
  { id = "MoveStdlib", name = "MoveStdlib" },
]

















































































[env.localnet]
chain-id = "b6cbd21e"
original-published-id = "0x1af35d90459550ebdb5b839a49986b7e9116f41cb40789c1616b87c6731aaebc"
latest-published-id = "0x1af35d90459550ebdb5b839a49986b7e9116f41cb40789c1616b87c6731aaebc"
published-version = "1"
